
Microsoft Visual Studio Solution File, Format Version 12.00
# Visual Studio 15
VisualStudioVersion = 15.0.26124.0
MinimumVisualStudioVersion = 15.0.26124.0
Project("{2150E333-8FDC-42A3-9474-1A3956D46DE8}") = "src", "src", "{92805B79-D35C-487B-85D1-BE4584F92C0D}"
EndProject
Project("{FAE04EC0-301F-11D3-BF4B-00C04F79EFBC}") = "GradeBook", "src\GradeBook\GradeBook.csproj", "{95AA43DE-3109-4FC6-AEE2-CB2B381CBB5B}"
EndProject
Project("{2150E333-8FDC-42A3-9474-1A3956D46DE8}") = "test", "test", "{CB2954FC-9012-4E9B-A072-DF62126689B2}"
EndProject
Project("{FAE04EC0-301F-11D3-BF4B-00C04F79EFBC}") = "GradeBook.Tests", "test\GradeBook.Tests\GradeBook.Tests.csproj", "{14340319-679F-4DBF-9379-3A8DA6A912B8}"
EndProject
Global
	GlobalSection(SolutionConfigurationPlatforms) = preSolution
		Debug|Any CPU = Debug|Any CPU
		Debug|x64 = Debug|x64
		Debug|x86 = Debug|x86
		Release|Any CPU = Release|Any CPU
		Release|x64 = Release|x64
		Release|x86 = Release|x86
	EndGlobalSection
	GlobalSection(SolutionProperties) = preSolution
		HideSolutionNode = FALSE
	EndGlobalSection
	GlobalSection(ProjectConfigurationPlatforms) = postSolution
		{95AA43DE-3109-4FC6-AEE2-CB2B381CBB5B}.Debug|Any CPU.ActiveCfg = Debug|Any CPU
		{95AA43DE-3109-4FC6-AEE2-CB2B381CBB5B}.Debug|Any CPU.Build.0 = Debug|Any CPU
		{95AA43DE-3109-4FC6-AEE2-CB2B381CBB5B}.Debug|x64.ActiveCfg = Debug|Any CPU
		{95AA43DE-3109-4FC6-AEE2-CB2B381CBB5B}.Debug|x64.Build.0 = Debug|Any CPU
		{95AA43DE-3109-4FC6-AEE2-CB2B381CBB5B}.Debug|x86.ActiveCfg = Debug|Any CPU
		{95AA43DE-3109-4FC6-AEE2-CB2B381CBB5B}.Debug|x86.Build.0 = Debug|Any CPU
		{95AA43DE-3109-4FC6-AEE2-CB2B381CBB5B}.Release|Any CPU.ActiveCfg = Release|Any CPU
		{95AA43DE-3109-4FC6-AEE2-CB2B381CBB5B}.Release|Any CPU.Build.0 = Release|Any CPU
		{95AA43DE-3109-4FC6-AEE2-CB2B381CBB5B}.Release|x64.ActiveCfg = Release|Any CPU
		{95AA43DE-3109-4FC6-AEE2-CB2B381CBB5B}.Release|x64.Build.0 = Release|Any CPU
		{95AA43DE-3109-4FC6-AEE2-CB2B381CBB5B}.Release|x86.ActiveCfg = Release|Any CPU
		{95AA43DE-3109-4FC6-AEE2-CB2B381CBB5B}.Release|x86.Build.0 = Release|Any CPU
		{14340319-679F-4DBF-9379-3A8DA6A912B8}.Debug|Any CPU.ActiveCfg = Debug|Any CPU
		{14340319-679F-4DBF-9379-3A8DA6A912B8}.Debug|Any CPU.Build.0 = Debug|Any CPU
		{14340319-679F-4DBF-9379-3A8DA6A912B8}.Debug|x64.ActiveCfg = Debug|Any CPU
		{14340319-679F-4DBF-9379-3A8DA6A912B8}.Debug|x64.Build.0 = Debug|Any CPU
		{14340319-679F-4DBF-9379-3A8DA6A912B8}.Debug|x86.ActiveCfg = Debug|Any CPU
		{14340319-679F-4DBF-9379-3A8DA6A912B8}.Debug|x86.Build.0 = Debug|Any CPU
		{14340319-679F-4DBF-9379-3A8DA6A912B8}.Release|Any CPU.ActiveCfg = Release|Any CPU
		{14340319-679F-4DBF-9379-3A8DA6A912B8}.Release|Any CPU.Build.0 = Release|Any CPU
		{14340319-679F-4DBF-9379-3A8DA6A912B8}.Release|x64.ActiveCfg = Release|Any CPU
		{14340319-679F-4DBF-9379-3A8DA6A912B8}.Release|x64.Build.0 = Release|Any CPU
		{14340319-679F-4DBF-9379-3A8DA6A912B8}.Release|x86.ActiveCfg = Release|Any CPU
		{14340319-679F-4DBF-9379-3A8DA6A912B8}.Release|x86.Build.0 = Release|Any CPU
	EndGlobalSection
	GlobalSection(NestedProjects) = preSolution
		{95AA43DE-3109-4FC6-AEE2-CB2B381CBB5B} = {92805B79-D35C-487B-85D1-BE4584F92C0D}
		{14340319-679F-4DBF-9379-3A8DA6A912B8} = {CB2954FC-9012-4E9B-A072-DF62126689B2}
	EndGlobalSection
EndGlobal
